
Microsoft Visual Studio Solution File, Format Version 12.00
# Visual Studio Version 16
VisualStudioVersion = 16.0.29613.14
MinimumVisualStudioVersion = 10.0.40219.1
Project("{FAE04EC0-301F-11D3-BF4B-00C04F79EFBC}") = "md753815MIS4200spring", "md753815MIS4200spring.csproj", "{C854D527-C35B-453B-8933-C473272D7208}"
EndProject
Global
	GlobalSection(SolutionConfigurationPlatforms) = preSolution
		Debug|Any CPU = Debug|Any CPU
		Release|Any CPU = Release|Any CPU
	EndGlobalSection
	GlobalSection(ProjectConfigurationPlatforms) = postSolution
		{C854D527-C35B-453B-8933-C473272D7208}.Debug|Any CPU.ActiveCfg = Debug|Any CPU
		{C854D527-C35B-453B-8933-C473272D7208}.Debug|Any CPU.Build.0 = Debug|Any CPU
		{C854D527-C35B-453B-8933-C473272D7208}.Release|Any CPU.ActiveCfg = Release|Any CPU
		{C854D527-C35B-453B-8933-C473272D7208}.Release|Any CPU.Build.0 = Release|Any CPU
	EndGlobalSection
	GlobalSection(SolutionProperties) = preSolution
		HideSolutionNode = FALSE
	EndGlobalSection
	GlobalSection(ExtensibilityGlobals) = postSolution
		SolutionGuid = {67687461-D9FF-42F0-AE4A-AA3FFAEA62C7}
	EndGlobalSection
EndGlobal
